// !$*UTF8*$!
{
	archiveVersion = 1;
	classes = {
	};
	objectVersion = 46;
	objects = {

/* Begin PBXBuildFile section */
		003FFF391ED8234A0067FA94 /* URLExtension.swift in Sources */ = {isa = PBXBuildFile; fileRef = 003FFF381ED8234A0067FA94 /* URLExtension.swift */; };
		003FFF3C1ED8287B0067FA94 /* DictionaryExtension.swift in Sources */ = {isa = PBXBuildFile; fileRef = 003FFF3B1ED8287B0067FA94 /* DictionaryExtension.swift */; };
		003FFF3F1ED83C3E0067FA94 /* TaskDetailViewController.swift in Sources */ = {isa = PBXBuildFile; fileRef = 003FFF3D1ED83C3E0067FA94 /* TaskDetailViewController.swift */; };
		003FFF401ED83C3E0067FA94 /* TaskDetailViewController.xib in Resources */ = {isa = PBXBuildFile; fileRef = 003FFF3E1ED83C3E0067FA94 /* TaskDetailViewController.xib */; };
		009110EF1F02638300DFE635 /* NetworkClient.swift in Sources */ = {isa = PBXBuildFile; fileRef = 009110EE1F02638300DFE635 /* NetworkClient.swift */; };
		009110F11F02646D00DFE635 /* NetworkMock.swift in Sources */ = {isa = PBXBuildFile; fileRef = 009110F01F02646D00DFE635 /* NetworkMock.swift */; };
		009110F41F0269C300DFE635 /* tasks.json in Resources */ = {isa = PBXBuildFile; fileRef = 009110F31F0269C300DFE635 /* tasks.json */; };
		009110F61F02721800DFE635 /* NetworkManager.swift in Sources */ = {isa = PBXBuildFile; fileRef = 009110F51F02721800DFE635 /* NetworkManager.swift */; };
		009110F91F0272F800DFE635 /* AppConfiguration.swift in Sources */ = {isa = PBXBuildFile; fileRef = 009110F81F0272F800DFE635 /* AppConfiguration.swift */; };
		00D678A01ED5DB6000618F03 /* AppDelegate.swift in Sources */ = {isa = PBXBuildFile; fileRef = 00D6789F1ED5DB6000618F03 /* AppDelegate.swift */; };
		00D678A21ED5DB6000618F03 /* TodoTableViewController.swift in Sources */ = {isa = PBXBuildFile; fileRef = 00D678A11ED5DB6000618F03 /* TodoTableViewController.swift */; };
		00D678A51ED5DB6000618F03 /* Main.storyboard in Resources */ = {isa = PBXBuildFile; fileRef = 00D678A31ED5DB6000618F03 /* Main.storyboard */; };
		00D678A71ED5DB6000618F03 /* Assets.xcassets in Resources */ = {isa = PBXBuildFile; fileRef = 00D678A61ED5DB6000618F03 /* Assets.xcassets */; };
		00D678AA1ED5DB6000618F03 /* LaunchScreen.storyboard in Resources */ = {isa = PBXBuildFile; fileRef = 00D678A81ED5DB6000618F03 /* LaunchScreen.storyboard */; };
		00D678B71ED5DF6400618F03 /* TodoTableViewCell.swift in Sources */ = {isa = PBXBuildFile; fileRef = 00D678B51ED5DF6400618F03 /* TodoTableViewCell.swift */; };
		00D678B81ED5DF6400618F03 /* TodoTableViewCell.xib in Resources */ = {isa = PBXBuildFile; fileRef = 00D678B61ED5DF6400618F03 /* TodoTableViewCell.xib */; };
		00D678BA1ED5F1B900618F03 /* Task.swift in Sources */ = {isa = PBXBuildFile; fileRef = 00D678B91ED5F1B900618F03 /* Task.swift */; };
		00D678BE1ED5F50300618F03 /* TaskTableViewDataSource.swift in Sources */ = {isa = PBXBuildFile; fileRef = 00D678BD1ED5F50300618F03 /* TaskTableViewDataSource.swift */; };
		00D678C01ED6041D00618F03 /* NetworkAPI.swift in Sources */ = {isa = PBXBuildFile; fileRef = 00D678BF1ED6041D00618F03 /* NetworkAPI.swift */; };
		00D678C41ED60A4100618F03 /* TasksInteractor.swift in Sources */ = {isa = PBXBuildFile; fileRef = 00D678C31ED60A4100618F03 /* TasksInteractor.swift */; };
/* End PBXBuildFile section */

/* Begin PBXFileReference section */
		003FFF381ED8234A0067FA94 /* URLExtension.swift */ = {isa = PBXFileReference; fileEncoding = 4; lastKnownFileType = sourcecode.swift; path = URLExtension.swift; sourceTree = "<group>"; };
		003FFF3B1ED8287B0067FA94 /* DictionaryExtension.swift */ = {isa = PBXFileReference; fileEncoding = 4; lastKnownFileType = sourcecode.swift; path = DictionaryExtension.swift; sourceTree = "<group>"; };
		003FFF3D1ED83C3E0067FA94 /* TaskDetailViewController.swift */ = {isa = PBXFileReference; fileEncoding = 4; lastKnownFileType = sourcecode.swift; path = TaskDetailViewController.swift; sourceTree = "<group>"; };
		003FFF3E1ED83C3E0067FA94 /* TaskDetailViewController.xib */ = {isa = PBXFileReference; fileEncoding = 4; lastKnownFileType = file.xib; path = TaskDetailViewController.xib; sourceTree = "<group>"; };
		009110EE1F02638300DFE635 /* NetworkClient.swift */ = {isa = PBXFileReference; fileEncoding = 4; lastKnownFileType = sourcecode.swift; path = NetworkClient.swift; sourceTree = "<group>"; };
		009110F01F02646D00DFE635 /* NetworkMock.swift */ = {isa = PBXFileReference; fileEncoding = 4; lastKnownFileType = sourcecode.swift; path = NetworkMock.swift; sourceTree = "<group>"; };
		009110F31F0269C300DFE635 /* tasks.json */ = {isa = PBXFileReference; fileEncoding = 4; lastKnownFileType = text.json; path = tasks.json; sourceTree = "<group>"; };
		009110F51F02721800DFE635 /* NetworkManager.swift */ = {isa = PBXFileReference; fileEncoding = 4; lastKnownFileType = sourcecode.swift; path = NetworkManager.swift; sourceTree = "<group>"; };
		009110F81F0272F800DFE635 /* AppConfiguration.swift */ = {isa = PBXFileReference; fileEncoding = 4; lastKnownFileType = sourcecode.swift; path = AppConfiguration.swift; sourceTree = "<group>"; };
		00D6789C1ED5DB6000618F03 /* TodoApp.app */ = {isa = PBXFileReference; explicitFileType = wrapper.application; includeInIndex = 0; path = TodoApp.app; sourceTree = BUILT_PRODUCTS_DIR; };
		00D6789F1ED5DB6000618F03 /* AppDelegate.swift */ = {isa = PBXFileReference; lastKnownFileType = sourcecode.swift; path = AppDelegate.swift; sourceTree = "<group>"; };
		00D678A11ED5DB6000618F03 /* TodoTableViewController.swift */ = {isa = PBXFileReference; lastKnownFileType = sourcecode.swift; path = TodoTableViewController.swift; sourceTree = "<group>"; };
		00D678A41ED5DB6000618F03 /* Base */ = {isa = PBXFileReference; lastKnownFileType = file.storyboard; name = Base; path = Base.lproj/Main.storyboard; sourceTree = "<group>"; };
		00D678A61ED5DB6000618F03 /* Assets.xcassets */ = {isa = PBXFileReference; lastKnownFileType = folder.assetcatalog; path = Assets.xcassets; sourceTree = "<group>"; };
		00D678A91ED5DB6000618F03 /* Base */ = {isa = PBXFileReference; lastKnownFileType = file.storyboard; name = Base; path = Base.lproj/LaunchScreen.storyboard; sourceTree = "<group>"; };
		00D678AB1ED5DB6000618F03 /* Info.plist */ = {isa = PBXFileReference; lastKnownFileType = text.plist.xml; path = Info.plist; sourceTree = "<group>"; };
		00D678B51ED5DF6400618F03 /* TodoTableViewCell.swift */ = {isa = PBXFileReference; fileEncoding = 4; lastKnownFileType = sourcecode.swift; path = TodoTableViewCell.swift; sourceTree = "<group>"; };
		00D678B61ED5DF6400618F03 /* TodoTableViewCell.xib */ = {isa = PBXFileReference; fileEncoding = 4; lastKnownFileType = file.xib; path = TodoTableViewCell.xib; sourceTree = "<group>"; };
		00D678B91ED5F1B900618F03 /* Task.swift */ = {isa = PBXFileReference; fileEncoding = 4; lastKnownFileType = sourcecode.swift; path = Task.swift; sourceTree = "<group>"; };
		00D678BD1ED5F50300618F03 /* TaskTableViewDataSource.swift */ = {isa = PBXFileReference; fileEncoding = 4; lastKnownFileType = sourcecode.swift; path = TaskTableViewDataSource.swift; sourceTree = "<group>"; };
		00D678BF1ED6041D00618F03 /* NetworkAPI.swift */ = {isa = PBXFileReference; fileEncoding = 4; lastKnownFileType = sourcecode.swift; path = "Network\U0010API.swift"; sourceTree = "<group>"; };
		00D678C31ED60A4100618F03 /* TasksInteractor.swift */ = {isa = PBXFileReference; fileEncoding = 4; lastKnownFileType = sourcecode.swift; path = TasksInteractor.swift; sourceTree = "<group>"; };
/* End PBXFileReference section */

/* Begin PBXFrameworksBuildPhase section */
		00D678991ED5DB6000618F03 /* Frameworks */ = {
			isa = PBXFrameworksBuildPhase;
			buildActionMask = 2147483647;
			files = (
			);
			runOnlyForDeploymentPostprocessing = 0;
		};
/* End PBXFrameworksBuildPhase section */

/* Begin PBXGroup section */
		003FFF3A1ED823800067FA94 /* Extensions */ = {
			isa = PBXGroup;
			children = (
				003FFF381ED8234A0067FA94 /* URLExtension.swift */,
				003FFF3B1ED8287B0067FA94 /* DictionaryExtension.swift */,
			);
			name = Extensions;
			sourceTree = "<group>";
		};
		009110ED1F02635900DFE635 /* IO */ = {
			isa = PBXGroup;
			children = (
				00D678BF1ED6041D00618F03 /* NetworkAPI.swift */,
				009110EE1F02638300DFE635 /* NetworkClient.swift */,
				009110F01F02646D00DFE635 /* NetworkMock.swift */,
				009110F51F02721800DFE635 /* NetworkManager.swift */,
			);
			name = IO;
			sourceTree = "<group>";
		};
		009110F21F02649600DFE635 /* Resources */ = {
			isa = PBXGroup;
			children = (
				009110F31F0269C300DFE635 /* tasks.json */,
			);
			name = Resources;
			sourceTree = "<group>";
		};
		009110F71F0272EA00DFE635 /* Core */ = {
			isa = PBXGroup;
			children = (
				009110F81F0272F800DFE635 /* AppConfiguration.swift */,
			);
			name = Core;
			sourceTree = "<group>";
		};
		00D678931ED5DB6000618F03 = {
			isa = PBXGroup;
			children = (
				00D6789E1ED5DB6000618F03 /* TodoApp */,
				00D6789D1ED5DB6000618F03 /* Products */,
			);
			sourceTree = "<group>";
		};
		00D6789D1ED5DB6000618F03 /* Products */ = {
			isa = PBXGroup;
			children = (
				00D6789C1ED5DB6000618F03 /* TodoApp.app */,
			);
			name = Products;
			sourceTree = "<group>";
		};
		00D6789E1ED5DB6000618F03 /* TodoApp */ = {
			isa = PBXGroup;
			children = (
				009110F71F0272EA00DFE635 /* Core */,
				009110F21F02649600DFE635 /* Resources */,
				009110ED1F02635900DFE635 /* IO */,
				003FFF3A1ED823800067FA94 /* Extensions */,
				00D6789F1ED5DB6000618F03 /* AppDelegate.swift */,
				00D678A11ED5DB6000618F03 /* TodoTableViewController.swift */,
				00D678A31ED5DB6000618F03 /* Main.storyboard */,
				00D678A61ED5DB6000618F03 /* Assets.xcassets */,
				00D678A81ED5DB6000618F03 /* LaunchScreen.storyboard */,
				00D678AB1ED5DB6000618F03 /* Info.plist */,
				00D678B51ED5DF6400618F03 /* TodoTableViewCell.swift */,
				00D678B61ED5DF6400618F03 /* TodoTableViewCell.xib */,
				00D678B91ED5F1B900618F03 /* Task.swift */,
				00D678BD1ED5F50300618F03 /* TaskTableViewDataSource.swift */,
				00D678C31ED60A4100618F03 /* TasksInteractor.swift */,
				003FFF3D1ED83C3E0067FA94 /* TaskDetailViewController.swift */,
				003FFF3E1ED83C3E0067FA94 /* TaskDetailViewController.xib */,
			);
			path = TodoApp;
			sourceTree = "<group>";
		};
/* End PBXGroup section */

/* Begin PBXNativeTarget section */
		00D6789B1ED5DB6000618F03 /* TodoApp */ = {
			isa = PBXNativeTarget;
			buildConfigurationList = 00D678AE1ED5DB6000618F03 /* Build configuration list for PBXNativeTarget "TodoApp" */;
			buildPhases = (
				00D678981ED5DB6000618F03 /* Sources */,
				00D678991ED5DB6000618F03 /* Frameworks */,
				00D6789A1ED5DB6000618F03 /* Resources */,
			);
			buildRules = (
			);
			dependencies = (
			);
			name = TodoApp;
			productName = TodoApp;
			productReference = 00D6789C1ED5DB6000618F03 /* TodoApp.app */;
			productType = "com.apple.product-type.application";
		};
/* End PBXNativeTarget section */

/* Begin PBXProject section */
		00D678941ED5DB6000618F03 /* Project object */ = {
			isa = PBXProject;
			attributes = {
				LastSwiftUpdateCheck = 0830;
				LastUpgradeCheck = 0830;
				ORGANIZATIONNAME = "Borja Igartua Pastor";
				TargetAttributes = {
					00D6789B1ED5DB6000618F03 = {
						CreatedOnToolsVersion = 8.3.2;
						ProvisioningStyle = Automatic;
					};
				};
			};
			buildConfigurationList = 00D678971ED5DB6000618F03 /* Build configuration list for PBXProject "TodoApp" */;
			compatibilityVersion = "Xcode 3.2";
			developmentRegion = English;
			hasScannedForEncodings = 0;
			knownRegions = (
				en,
				Base,
			);
			mainGroup = 00D678931ED5DB6000618F03;
			productRefGroup = 00D6789D1ED5DB6000618F03 /* Products */;
			projectDirPath = "";
			projectRoot = "";
			targets = (
				00D6789B1ED5DB6000618F03 /* TodoApp */,
			);
		};
/* End PBXProject section */

/* Begin PBXResourcesBuildPhase section */
		00D6789A1ED5DB6000618F03 /* Resources */ = {
			isa = PBXResourcesBuildPhase;
			buildActionMask = 2147483647;
			files = (
				003FFF401ED83C3E0067FA94 /* TaskDetailViewController.xib in Resources */,
				00D678AA1ED5DB6000618F03 /* LaunchScreen.storyboard in Resources */,
				009110F41F0269C300DFE635 /* tasks.json in Resources */,
				00D678A71ED5DB6000618F03 /* Assets.xcassets in Resources */,
				00D678A51ED5DB6000618F03 /* Main.storyboard in Resources */,
				00D678B81ED5DF6400618F03 /* TodoTableViewCell.xib in Resources */,
			);
			runOnlyForDeploymentPostprocessing = 0;
		};
/* End PBXResourcesBuildPhase section */

/* Begin PBXSourcesBuildPhase section */
		00D678981ED5DB6000618F03 /* Sources */ = {
			isa = PBXSourcesBuildPhase;
			buildActionMask = 2147483647;
			files = (
				00D678A21ED5DB6000618F03 /* TodoTableViewController.swift in Sources */,
				00D678C41ED60A4100618F03 /* TasksInteractor.swift in Sources */,
				00D678BE1ED5F50300618F03 /* TaskTableViewDataSource.swift in Sources */,
				009110F61F02721800DFE635 /* NetworkManager.swift in Sources */,
				009110EF1F02638300DFE635 /* NetworkClient.swift in Sources */,
				00D678C01ED6041D00618F03 /* NetworkAPI.swift in Sources */,
				00D678A01ED5DB6000618F03 /* AppDelegate.swift in Sources */,
				003FFF3C1ED8287B0067FA94 /* DictionaryExtension.swift in Sources */,
				003FFF3F1ED83C3E0067FA94 /* TaskDetailViewController.swift in Sources */,
				009110F11F02646D00DFE635 /* NetworkMock.swift in Sources */,
				003FFF391ED8234A0067FA94 /* URLExtension.swift in Sources */,
				00D678BA1ED5F1B900618F03 /* Task.swift in Sources */,
				009110F91F0272F800DFE635 /* AppConfiguration.swift in Sources */,
				00D678B71ED5DF6400618F03 /* TodoTableViewCell.swift in Sources */,
			);
			runOnlyForDeploymentPostprocessing = 0;
		};
/* End PBXSourcesBuildPhase section */

/* Begin PBXVariantGroup section */
		00D678A31ED5DB6000618F03 /* Main.storyboard */ = {
			isa = PBXVariantGroup;
			children = (
				00D678A41ED5DB6000618F03 /* Base */,
			);
			name = Main.storyboard;
			sourceTree = "<group>";
		};
		00D678A81ED5DB6000618F03 /* LaunchScreen.storyboard */ = {
			isa = PBXVariantGroup;
			children = (
				00D678A91ED5DB6000618F03 /* Base */,
			);
			name = LaunchScreen.storyboard;
			sourceTree = "<group>";
		};
/* End PBXVariantGroup section */

/* Begin XCBuildConfiguration section */
		00D678AC1ED5DB6000618F03 /* Debug */ = {
			isa = XCBuildConfiguration;
			buildSettings = {
				ALWAYS_SEARCH_USER_PATHS = NO;
				CLANG_ANALYZER_NONNULL = YES;
				CLANG_ANALYZER_NUMBER_OBJECT_CONVERSION = YES_AGGRESSIVE;
				CLANG_CXX_LANGUAGE_STANDARD = "gnu++0x";
				CLANG_CXX_LIBRARY = "libc++";
				CLANG_ENABLE_MODULES = YES;
				CLANG_ENABLE_OBJC_ARC = YES;
				CLANG_WARN_BOOL_CONVERSION = YES;
				CLANG_WARN_CONSTANT_CONVERSION = YES;
				CLANG_WARN_DIRECT_OBJC_ISA_USAGE = YES_ERROR;
				CLANG_WARN_DOCUMENTATION_COMMENTS = YES;
				CLANG_WARN_EMPTY_BODY = YES;
				CLANG_WARN_ENUM_CONVERSION = YES;
				CLANG_WARN_INFINITE_RECURSION = YES;
				CLANG_WARN_INT_CONVERSION = YES;
				CLANG_WARN_OBJC_ROOT_CLASS = YES_ERROR;
				CLANG_WARN_SUSPICIOUS_MOVE = YES;
				CLANG_WARN_UNREACHABLE_CODE = YES;
				CLANG_WARN__DUPLICATE_METHOD_MATCH = YES;
				"CODE_SIGN_IDENTITY[sdk=iphoneos*]" = "iPhone Developer";
				COPY_PHASE_STRIP = NO;
				DEBUG_INFORMATION_FORMAT = dwarf;
				ENABLE_STRICT_OBJC_MSGSEND = YES;
				ENABLE_TESTABILITY = YES;
				GCC_C_LANGUAGE_STANDARD = gnu99;
				GCC_DYNAMIC_NO_PIC = NO;
				GCC_NO_COMMON_BLOCKS = YES;
				GCC_OPTIMIZATION_LEVEL = 0;
				GCC_PREPROCESSOR_DEFINITIONS = (
					"DEBUG=1",
					"$(inherited)",
				);
				GCC_WARN_64_TO_32_BIT_CONVERSION = YES;
				GCC_WARN_ABOUT_RETURN_TYPE = YES_ERROR;
				GCC_WARN_UNDECLARED_SELECTOR = YES;
				GCC_WARN_UNINITIALIZED_AUTOS = YES_AGGRESSIVE;
				GCC_WARN_UNUSED_FUNCTION = YES;
				GCC_WARN_UNUSED_VARIABLE = YES;
				IPHONEOS_DEPLOYMENT_TARGET = 10.3;
				MTL_ENABLE_DEBUG_INFO = YES;
				ONLY_ACTIVE_ARCH = YES;
				SDKROOT = iphoneos;
				SWIFT_ACTIVE_COMPILATION_CONDITIONS = DEBUG;
				SWIFT_OPTIMIZATION_LEVEL = "-Onone";
			};
			name = Debug;
		};
		00D678AD1ED5DB6000618F03 /* Release */ = {
			isa = XCBuildConfiguration;
			buildSettings = {
				ALWAYS_SEARCH_USER_PATHS = NO;
				CLANG_ANALYZER_NONNULL = YES;
				CLANG_ANALYZER_NUMBER_OBJECT_CONVERSION = YES_AGGRESSIVE;
				CLANG_CXX_LANGUAGE_STANDARD = "gnu++0x";
				CLANG_CXX_LIBRARY = "libc++";
				CLANG_ENABLE_MODULES = YES;
				CLANG_ENABLE_OBJC_ARC = YES;
				CLANG_WARN_BOOL_CONVERSION = YES;
				CLANG_WARN_CONSTANT_CONVERSION = YES;
				CLANG_WARN_DIRECT_OBJC_ISA_USAGE = YES_ERROR;
				CLANG_WARN_DOCUMENTATION_COMMENTS = YES;
				CLANG_WARN_EMPTY_BODY = YES;
				CLANG_WARN_ENUM_CONVERSION = YES;
				CLANG_WARN_INFINITE_RECURSION = YES;
				CLANG_WARN_INT_CONVERSION = YES;
				CLANG_WARN_OBJC_ROOT_CLASS = YES_ERROR;
				CLANG_WARN_SUSPICIOUS_MOVE = YES;
				CLANG_WARN_UNREACHABLE_CODE = YES;
				CLANG_WARN__DUPLICATE_METHOD_MATCH = YES;
				"CODE_SIGN_IDENTITY[sdk=iphoneos*]" = "iPhone Developer";
				COPY_PHASE_STRIP = NO;
				DEBUG_INFORMATION_FORMAT = "dwarf-with-dsym";
				ENABLE_NS_ASSERTIONS = NO;
				ENABLE_STRICT_OBJC_MSGSEND = YES;
				GCC_C_LANGUAGE_STANDARD = gnu99;
				GCC_NO_COMMON_BLOCKS = YES;
				GCC_WARN_64_TO_32_BIT_CONVERSION = YES;
				GCC_WARN_ABOUT_RETURN_TYPE = YES_ERROR;
				GCC_WARN_UNDECLARED_SELECTOR = YES;
				GCC_WARN_UNINITIALIZED_AUTOS = YES_AGGRESSIVE;
				GCC_WARN_UNUSED_FUNCTION = YES;
				GCC_WARN_UNUSED_VARIABLE = YES;
				IPHONEOS_DEPLOYMENT_TARGET = 10.3;
				MTL_ENABLE_DEBUG_INFO = NO;
				SDKROOT = iphoneos;
				SWIFT_OPTIMIZATION_LEVEL = "-Owholemodule";
				VALIDATE_PRODUCT = YES;
			};
			name = Release;
		};
		00D678AF1ED5DB6000618F03 /* Debug */ = {
			isa = XCBuildConfiguration;
			buildSettings = {
				ASSETCATALOG_COMPILER_APPICON_NAME = AppIcon;
				INFOPLIST_FILE = TodoApp/Info.plist;
				LD_RUNPATH_SEARCH_PATHS = "$(inherited) @executable_path/Frameworks";
				PRODUCT_BUNDLE_IDENTIFIER = com.bi.example.TodoApp;
				PRODUCT_NAME = "$(TARGET_NAME)";
				SWIFT_VERSION = 3.0;
			};
			name = Debug;
		};
		00D678B01ED5DB6000618F03 /* Release */ = {
			isa = XCBuildConfiguration;
			buildSettings = {
				ASSETCATALOG_COMPILER_APPICON_NAME = AppIcon;
				INFOPLIST_FILE = TodoApp/Info.plist;
				LD_RUNPATH_SEARCH_PATHS = "$(inherited) @executable_path/Frameworks";
				PRODUCT_BUNDLE_IDENTIFIER = com.bi.example.TodoApp;
				PRODUCT_NAME = "$(TARGET_NAME)";
				SWIFT_VERSION = 3.0;
			};
			name = Release;
		};
/* End XCBuildConfiguration section */

/* Begin XCConfigurationList section */
		00D678971ED5DB6000618F03 /* Build configuration list for PBXProject "TodoApp" */ = {
			isa = XCConfigurationList;
			buildConfigurations = (
				00D678AC1ED5DB6000618F03 /* Debug */,
				00D678AD1ED5DB6000618F03 /* Release */,
			);
			defaultConfigurationIsVisible = 0;
			defaultConfigurationName = Release;
		};
		00D678AE1ED5DB6000618F03 /* Build configuration list for PBXNativeTarget "TodoApp" */ = {
			isa = XCConfigurationList;
			buildConfigurations = (
				00D678AF1ED5DB6000618F03 /* Debug */,
				00D678B01ED5DB6000618F03 /* Release */,
			);
			defaultConfigurationIsVisible = 0;
			defaultConfigurationName = Release;
		};
/* End XCConfigurationList section */
	};
	rootObject = 00D678941ED5DB6000618F03 /* Project object */;
}
